{
  "nodes": {
    "clj-nix": {
      "inputs": {
        "devshell": "devshell",
        "flake-utils": "flake-utils",
        "nixpkgs": [
          "nixpkgs"
        ]
      },
      "locked": {
        "lastModified": 1679634660,
        "narHash": "sha256-Res8eXapnMfgfofTGmXfqChtl4ooO3r77e57MEraEEk=",
        "owner": "sajban",
        "repo": "clj-nix",
        "rev": "28f8cf789140beb59a53ca7b699355dabb58a6b3",
        "type": "github"
      },
      "original": {
        "id": "clj-nix",
        "type": "indirect"
      }
    },
    "devshell": {
      "inputs": {
        "flake-utils": [
          "clj-nix",
          "flake-utils"
        ],
        "nixpkgs": [
          "clj-nix",
          "nixpkgs"
        ]
      },
      "locked": {
        "lastModified": 1658746384,
        "narHash": "sha256-CCJcoMOcXyZFrV1ag4XMTpAPjLWb4Anbv+ktXFI1ry0=",
        "owner": "numtide",
        "repo": "devshell",
        "rev": "0ffc7937bb5e8141af03d462b468bd071eb18e1b",
        "type": "github"
      },
      "original": {
        "owner": "numtide",
        "repo": "devshell",
        "type": "github"
      }
    },
    "flake-parts": {
      "inputs": {
        "nixpkgs-lib": [
          "nixpkgs"
        ]
      },
      "locked": {
        "lastModified": 1679737941,
        "narHash": "sha256-srSD9CwsVPnUMsIZ7Kt/UegkKUEBcTyU1Rev7mO45S0=",
        "owner": "hercules-ci",
        "repo": "flake-parts",
        "rev": "3502ee99d6dade045bdeaf7b0cd8ec703484c25c",
        "type": "github"
      },
      "original": {
        "id": "flake-parts",
        "type": "indirect"
      }
    },
    "flake-utils": {
      "locked": {
        "lastModified": 1656928814,
        "narHash": "sha256-RIFfgBuKz6Hp89yRr7+NR5tzIAbn52h8vT6vXkYjZoM=",
        "owner": "numtide",
        "repo": "flake-utils",
        "rev": "7e2a3b3dfd9af950a856d66b0a7d01e3c18aa249",
        "type": "github"
      },
      "original": {
        "owner": "numtide",
        "repo": "flake-utils",
        "type": "github"
      }
    },
    "nixpkgs": {
      "locked": {
        "lastModified": 1676644332,
        "narHash": "sha256-jDEwGGjuPWnEu+oq8y7xDqT6YcjnjI3IWjTtUdTO9Do=",
        "owner": "NixOS",
        "repo": "nixpkgs",
        "rev": "3eb7e88e736b149c1d4e9b294afc31bbde42b556",
        "type": "github"
      },
      "original": {
        "id": "nixpkgs",
        "type": "indirect"
      }
    },
    "root": {
      "inputs": {
        "clj-nix": "clj-nix",
        "flake-parts": "flake-parts",
        "nixpkgs": "nixpkgs"
      }
    }
  },
  "root": "root",
  "version": 7
}
